Microsoft Visual Studio Solution File, Format Version 12.00
# Visual Studio Version 17
VisualStudioVersion = 17.5.2.0
MinimumVisualStudioVersion = 10.0.40219.1
Project("{FAE04EC0-301F-11D3-BF4B-00C04F79EFBC}") = "web-05", "web-05.csproj", "{127799C3-0A53-8C51-3261-35EBE8FF91CF}"
EndProject
Global
	GlobalSection(SolutionConfigurationPlatforms) = preSolution
		Debug|Any CPU = Debug|Any CPU
		Release|Any CPU = Release|Any CPU
	EndGlobalSection
	GlobalSection(ProjectConfigurationPlatforms) = postSolution
		{127799C3-0A53-8C51-3261-35EBE8FF91CF}.Debug|Any CPU.ActiveCfg = Debug|Any CPU
		{127799C3-0A53-8C51-3261-35EBE8FF91CF}.Debug|Any CPU.Build.0 = Debug|Any CPU
		{127799C3-0A53-8C51-3261-35EBE8FF91CF}.Release|Any CPU.ActiveCfg = Release|Any CPU
		{127799C3-0A53-8C51-3261-35EBE8FF91CF}.Release|Any CPU.Build.0 = Release|Any CPU
	EndGlobalSection
	GlobalSection(SolutionProperties) = preSolution
		HideSolutionNode = FALSE
	EndGlobalSection
	GlobalSection(ExtensibilityGlobals) = postSolution
		SolutionGuid = {12CC0072-B562-4E46-B8FF-C5D3958C00DC}
	EndGlobalSection
EndGlobal
